
Microsoft Visual Studio Solution File, Format Version 12.00
# Visual Studio Version 16
VisualStudioVersion = 16.0.31424.327
MinimumVisualStudioVersion = 10.0.40219.1
Project("{FAE04EC0-301F-11D3-BF4B-00C04F79EFBC}") = "Switch", "Switch\Switch.csproj", "{2594EB8D-DE98-4AA6-AC7B-18D41DE7D2FE}"
EndProject
Global
	GlobalSection(SolutionConfigurationPlatforms) = preSolution
		Debug|Any CPU = Debug|Any CPU
		Release|Any CPU = Release|Any CPU
	EndGlobalSection
	GlobalSection(ProjectConfigurationPlatforms) = postSolution
		{2594EB8D-DE98-4AA6-AC7B-18D41DE7D2FE}.Debug|Any CPU.ActiveCfg = Debug|Any CPU
		{2594EB8D-DE98-4AA6-AC7B-18D41DE7D2FE}.Debug|Any CPU.Build.0 = Debug|Any CPU
		{2594EB8D-DE98-4AA6-AC7B-18D41DE7D2FE}.Release|Any CPU.ActiveCfg = Release|Any CPU
		{2594EB8D-DE98-4AA6-AC7B-18D41DE7D2FE}.Release|Any CPU.Build.0 = Release|Any CPU
	EndGlobalSection
	GlobalSection(SolutionProperties) = preSolution
		HideSolutionNode = FALSE
	EndGlobalSection
	GlobalSection(ExtensibilityGlobals) = postSolution
		SolutionGuid = {59CA3B9E-56B0-4FBC-BC90-33229F53851B}
	EndGlobalSection
EndGlobal
