
Microsoft Visual Studio Solution File, Format Version 12.00
# Visual Studio Version 16
VisualStudioVersion = 16.0.31424.327
MinimumVisualStudioVersion = 10.0.40219.1
Project("{FAE04EC0-301F-11D3-BF4B-00C04F79EFBC}") = "QuotesApp", "QuotesApp\QuotesApp.csproj", "{F52DEBCE-615A-4B21-B043-6D1356FDC5DF}"
EndProject
Global
	GlobalSection(SolutionConfigurationPlatforms) = preSolution
		Debug|Any CPU = Debug|Any CPU
		Release|Any CPU = Release|Any CPU
	EndGlobalSection
	GlobalSection(ProjectConfigurationPlatforms) = postSolution
		{F52DEBCE-615A-4B21-B043-6D1356FDC5DF}.Debug|Any CPU.ActiveCfg = Debug|Any CPU
		{F52DEBCE-615A-4B21-B043-6D1356FDC5DF}.Debug|Any CPU.Build.0 = Debug|Any CPU
		{F52DEBCE-615A-4B21-B043-6D1356FDC5DF}.Release|Any CPU.ActiveCfg = Release|Any CPU
		{F52DEBCE-615A-4B21-B043-6D1356FDC5DF}.Release|Any CPU.Build.0 = Release|Any CPU
	EndGlobalSection
	GlobalSection(SolutionProperties) = preSolution
		HideSolutionNode = FALSE
	EndGlobalSection
	GlobalSection(ExtensibilityGlobals) = postSolution
		SolutionGuid = {638C2487-C408-4C89-85CC-0A4834088B32}
	EndGlobalSection
EndGlobal
