
Microsoft Visual Studio Solution File, Format Version 12.00
# Visual Studio Version 16
VisualStudioVersion = 16.0.31424.327
MinimumVisualStudioVersion = 10.0.40219.1
Project("{FAE04EC0-301F-11D3-BF4B-00C04F79EFBC}") = "Arrays", "Arrays\Arrays.csproj", "{923C8F08-9E6C-47F0-B386-991D30B5F50B}"
EndProject
Global
	GlobalSection(SolutionConfigurationPlatforms) = preSolution
		Debug|Any CPU = Debug|Any CPU
		Release|Any CPU = Release|Any CPU
	EndGlobalSection
	GlobalSection(ProjectConfigurationPlatforms) = postSolution
		{923C8F08-9E6C-47F0-B386-991D30B5F50B}.Debug|Any CPU.ActiveCfg = Debug|Any CPU
		{923C8F08-9E6C-47F0-B386-991D30B5F50B}.Debug|Any CPU.Build.0 = Debug|Any CPU
		{923C8F08-9E6C-47F0-B386-991D30B5F50B}.Release|Any CPU.ActiveCfg = Release|Any CPU
		{923C8F08-9E6C-47F0-B386-991D30B5F50B}.Release|Any CPU.Build.0 = Release|Any CPU
	EndGlobalSection
	GlobalSection(SolutionProperties) = preSolution
		HideSolutionNode = FALSE
	EndGlobalSection
	GlobalSection(ExtensibilityGlobals) = postSolution
		SolutionGuid = {1ED10B31-0CE7-44E5-9CF9-F45A41748566}
	EndGlobalSection
EndGlobal
