
Microsoft Visual Studio Solution File, Format Version 12.00
# Visual Studio Version 16
VisualStudioVersion = 16.0.31424.327
MinimumVisualStudioVersion = 10.0.40219.1
Project("{FAE04EC0-301F-11D3-BF4B-00C04F79EFBC}") = "Inheritance", "Inheritance\Inheritance.csproj", "{DFA33B48-2C7F-4557-8A65-3CD930997C2D}"
EndProject
Global
	GlobalSection(SolutionConfigurationPlatforms) = preSolution
		Debug|Any CPU = Debug|Any CPU
		Release|Any CPU = Release|Any CPU
	EndGlobalSection
	GlobalSection(ProjectConfigurationPlatforms) = postSolution
		{DFA33B48-2C7F-4557-8A65-3CD930997C2D}.Debug|Any CPU.ActiveCfg = Debug|Any CPU
		{DFA33B48-2C7F-4557-8A65-3CD930997C2D}.Debug|Any CPU.Build.0 = Debug|Any CPU
		{DFA33B48-2C7F-4557-8A65-3CD930997C2D}.Release|Any CPU.ActiveCfg = Release|Any CPU
		{DFA33B48-2C7F-4557-8A65-3CD930997C2D}.Release|Any CPU.Build.0 = Release|Any CPU
	EndGlobalSection
	GlobalSection(SolutionProperties) = preSolution
		HideSolutionNode = FALSE
	EndGlobalSection
	GlobalSection(ExtensibilityGlobals) = postSolution
		SolutionGuid = {A87C06CC-706D-4DCC-89E4-46956EA8893A}
	EndGlobalSection
EndGlobal
